
Microsoft Visual Studio Solution File, Format Version 12.00
# Visual Studio Version 17
VisualStudioVersion = 17.6.33829.357
MinimumVisualStudioVersion = 10.0.40219.1
Project("{FAE04EC0-301F-11D3-BF4B-00C04F79EFBC}") = "SharpShareFinder", "SharpShareFinder\SharpShareFinder.csproj", "{64BFEB18-B65C-4A83-BDE0-B54363B09B71}"
EndProject
Global
	GlobalSection(SolutionConfigurationPlatforms) = preSolution
		Debug|Any CPU = Debug|Any CPU
		Release|Any CPU = Release|Any CPU
	EndGlobalSection
	GlobalSection(ProjectConfigurationPlatforms) = postSolution
		{64BFEB18-B65C-4A83-BDE0-B54363B09B71}.Debug|Any CPU.ActiveCfg = Debug|Any CPU
		{64BFEB18-B65C-4A83-BDE0-B54363B09B71}.Debug|Any CPU.Build.0 = Debug|Any CPU
		{64BFEB18-B65C-4A83-BDE0-B54363B09B71}.Release|Any CPU.ActiveCfg = Release|Any CPU
		{64BFEB18-B65C-4A83-BDE0-B54363B09B71}.Release|Any CPU.Build.0 = Release|Any CPU
	EndGlobalSection
	GlobalSection(SolutionProperties) = preSolution
		HideSolutionNode = FALSE
	EndGlobalSection
	GlobalSection(ExtensibilityGlobals) = postSolution
		SolutionGuid = {A0D48B54-8D4E-45AF-AF91-DA5ADB3D7CB7}
	EndGlobalSection
EndGlobal
